
Microsoft Visual Studio Solution File, Format Version 12.00
# Visual Studio Version 17
VisualStudioVersion = 17.5.002.0
MinimumVisualStudioVersion = 10.0.40219.1
Project("{9A19103F-16F7-4668-BE54-9A1E7A4F7556}") = "Test", "Test.csproj", "{7994FAC9-3E20-4E7C-8E76-AD988A21F7EA}"
EndProject
Global
	GlobalSection(SolutionConfigurationPlatforms) = preSolution
		Debug|Any CPU = Debug|Any CPU
		Release|Any CPU = Release|Any CPU
	EndGlobalSection
	GlobalSection(ProjectConfigurationPlatforms) = postSolution
		{7994FAC9-3E20-4E7C-8E76-AD988A21F7EA}.Debug|Any CPU.ActiveCfg = Debug|Any CPU
		{7994FAC9-3E20-4E7C-8E76-AD988A21F7EA}.Debug|Any CPU.Build.0 = Debug|Any CPU
		{7994FAC9-3E20-4E7C-8E76-AD988A21F7EA}.Release|Any CPU.ActiveCfg = Release|Any CPU
		{7994FAC9-3E20-4E7C-8E76-AD988A21F7EA}.Release|Any CPU.Build.0 = Release|Any CPU
	EndGlobalSection
	GlobalSection(SolutionProperties) = preSolution
		HideSolutionNode = FALSE
	EndGlobalSection
	GlobalSection(ExtensibilityGlobals) = postSolution
		SolutionGuid = {8EC4F5E6-9FD5-459E-B337-6076CDE829DF}
	EndGlobalSection
EndGlobal
